
Microsoft Visual Studio Solution File, Format Version 12.00
# Visual Studio Version 16
VisualStudioVersion = 16.0.32106.194
MinimumVisualStudioVersion = 10.0.40219.1
Project("{FAE04EC0-301F-11D3-BF4B-00C04F79EFBC}") = "Szf_prg_2022-02-08_F3_Vízibicikli-kölcsönző", "Szf_prg_2022-02-08_F3_Vízibicikli-kölcsönző\Szf_prg_2022-02-08_F3_Vízibicikli-kölcsönző.csproj", "{97A58B19-D365-4E22-91C5-8FED2BAA36BD}"
EndProject
Global
	GlobalSection(SolutionConfigurationPlatforms) = preSolution
		Debug|Any CPU = Debug|Any CPU
		Release|Any CPU = Release|Any CPU
	EndGlobalSection
	GlobalSection(ProjectConfigurationPlatforms) = postSolution
		{97A58B19-D365-4E22-91C5-8FED2BAA36BD}.Debug|Any CPU.ActiveCfg = Debug|Any CPU
		{97A58B19-D365-4E22-91C5-8FED2BAA36BD}.Debug|Any CPU.Build.0 = Debug|Any CPU
		{97A58B19-D365-4E22-91C5-8FED2BAA36BD}.Release|Any CPU.ActiveCfg = Release|Any CPU
		{97A58B19-D365-4E22-91C5-8FED2BAA36BD}.Release|Any CPU.Build.0 = Release|Any CPU
	EndGlobalSection
	GlobalSection(SolutionProperties) = preSolution
		HideSolutionNode = FALSE
	EndGlobalSection
	GlobalSection(ExtensibilityGlobals) = postSolution
		SolutionGuid = {7075365E-67D9-4A61-BE72-5682C8B94136}
	EndGlobalSection
EndGlobal
